<?xml version="1.0" encoding="utf-8"?>
<Project ToolsVersion="4.0" xmlns="http://schemas.microsoft.com/developer/msbuild/2003">
  <ItemGroup>
    <Filter Include="소스 파일">
      <UniqueIdentifier>{4FC737F1-C7A5-4376-A066-2A32D752A2FF}</UniqueIdentifier>
      <Extensions>cpp;c;cc;cxx;def;odl;idl;hpj;bat;asm;asmx</Extensions>
    </Filter>
    <Filter Include="헤더 파일">
      <UniqueIdentifier>{93995380-89BD-4b04-88EB-625FBE52EBFB}</UniqueIdentifier>
      <Extensions>h;hh;hpp;hxx;hm;inl;inc;ipp;xsd</Extensions>
    </Filter>
    <Filter Include="리소스 파일">
      <UniqueIdentifier>{67DA6AB6-F800-4c08-8B7A-83BB121AAD01}</UniqueIdentifier>
      <Extensions>rc;ico;cur;bmp;dlg;rc2;rct;bin;rgs;gif;jpg;jpeg;jpe;resx;tiff;tif;png;wav;mfcribbon-ms</Extensions>
    </Filter>
    <Filter Include="소스 파일\TemplateMethod">
      <UniqueIdentifier>{e5225187-25aa-430b-b236-d763e17a5d2d}</UniqueIdentifier>
    </Filter>
    <Filter Include="소스 파일\FactoryMerhod">
      <UniqueIdentifier>{42b046de-673b-4a90-ba7c-d261d2a6ccda}</UniqueIdentifier>
    </Filter>
    <Filter Include="소스 파일\Singleton">
      <UniqueIdentifier>{746211f0-8a71-4b08-813a-8a48d64a868f}</UniqueIdentifier>
    </Filter>
    <Filter Include="소스 파일\AbstractFactory">
      <UniqueIdentifier>{691e414d-ec51-4220-ab84-cf260d428976}</UniqueIdentifier>
    </Filter>
    <Filter Include="소스 파일\Proxy">
      <UniqueIdentifier>{ba98284c-0d74-47b5-95bf-2782df745862}</UniqueIdentifier>
    </Filter>
    <Filter Include="소스 파일\FlyWeight">
      <UniqueIdentifier>{1972f656-be55-43b1-9f01-c2d5edd2bcca}</UniqueIdentifier>
    </Filter>
    <Filter Include="소스 파일\Adapter">
      <UniqueIdentifier>{c0223ba2-66f8-4cd4-ba8a-43ab9c78d339}</UniqueIdentifier>
    </Filter>
    <Filter Include="소스 파일\Visitor">
      <UniqueIdentifier>{bfdeb55c-ea8b-4a11-abfb-fda42fbcebdd}</UniqueIdentifier>
    </Filter>
  </ItemGroup>
  <ItemGroup>
    <ClInclude Include="stdafx.h">
      <Filter>헤더 파일</Filter>
    </ClInclude>
    <ClInclude Include="Singleton.hpp">
      <Filter>소스 파일\Singleton</Filter>
    </ClInclude>
    <ClInclude Include="VisitorCorePch.h">
      <Filter>소스 파일\Visitor</Filter>
    </ClInclude>
    <ClInclude Include="VisitorImpl.h">
      <Filter>소스 파일\Visitor</Filter>
    </ClInclude>
    <ClInclude Include="ObjectImpl.h">
      <Filter>소스 파일\Visitor</Filter>
    </ClInclude>
  </ItemGroup>
  <ItemGroup>
    <ClCompile Include="TemplateMethod.cpp">
      <Filter>소스 파일\TemplateMethod</Filter>
    </ClCompile>
    <ClCompile Include="Example01.cpp">
      <Filter>소스 파일\TemplateMethod</Filter>
    </ClCompile>
    <ClCompile Include="FactoryMethod.cpp">
      <Filter>소스 파일\FactoryMerhod</Filter>
    </ClCompile>
    <ClCompile Include="Singleton.cpp">
      <Filter>소스 파일\Singleton</Filter>
    </ClCompile>
    <ClCompile Include="AbstractFactory.cpp">
      <Filter>소스 파일\AbstractFactory</Filter>
    </ClCompile>
    <ClCompile Include="Example_AbstractPattern_01.cpp">
      <Filter>소스 파일\AbstractFactory</Filter>
    </ClCompile>
    <ClCompile Include="Example_AbstractPattern_02.cpp">
      <Filter>소스 파일\AbstractFactory</Filter>
    </ClCompile>
    <ClCompile Include="Proxy.cpp">
      <Filter>소스 파일\Proxy</Filter>
    </ClCompile>
    <ClCompile Include="Example_ProxyPattern_01.cpp">
      <Filter>소스 파일\Proxy</Filter>
    </ClCompile>
    <ClCompile Include="Flyweight.cpp">
      <Filter>소스 파일\FlyWeight</Filter>
    </ClCompile>
    <ClCompile Include="Adapter.cpp">
      <Filter>소스 파일\Adapter</Filter>
    </ClCompile>
    <ClCompile Include="Example_AdapterPattern_01.cpp">
      <Filter>소스 파일\Adapter</Filter>
    </ClCompile>
    <ClCompile Include="CompositePattern.cpp">
      <Filter>소스 파일</Filter>
    </ClCompile>
    <ClCompile Include="StrategyPattern.cpp">
      <Filter>소스 파일</Filter>
    </ClCompile>
    <ClCompile Include="StatePattern.cpp">
      <Filter>소스 파일</Filter>
    </ClCompile>
    <ClCompile Include="CommandPattern.cpp">
      <Filter>소스 파일</Filter>
    </ClCompile>
    <ClCompile Include="ChainOfResponsibilityPattern.cpp">
      <Filter>소스 파일</Filter>
    </ClCompile>
    <ClCompile Include="ObserverPattern.cpp">
      <Filter>소스 파일</Filter>
    </ClCompile>
    <ClCompile Include="VisitorPattern.cpp">
      <Filter>소스 파일\Visitor</Filter>
    </ClCompile>
    <ClCompile Include="VisitorImpl.cpp">
      <Filter>소스 파일\Visitor</Filter>
    </ClCompile>
    <ClCompile Include="ObjectImpl.cpp">
      <Filter>소스 파일\Visitor</Filter>
    </ClCompile>
  </ItemGroup>
</Project>